// !$*UTF8*$!
{
	archiveVersion = 1;
	classes = {
	};
	objectVersion = 56;
	objects = {

/* Begin PBXBuildFile section */
		41261D512BED8B83005D8961 /* QuizViewController.swift in Sources */ = {isa = PBXBuildFile; fileRef = 41261D502BED8B83005D8961 /* QuizViewController.swift */; };
		41261D532BED90D8005D8961 /* AnswerViewController.swift in Sources */ = {isa = PBXBuildFile; fileRef = 41261D522BED90D8005D8961 /* AnswerViewController.swift */; };
		41261D552BEDBC5D005D8961 /* FinalSceneViewController.swift in Sources */ = {isa = PBXBuildFile; fileRef = 41261D542BEDBC5D005D8961 /* FinalSceneViewController.swift */; };
		F93E9F0E2BE8B7E300A9C956 /* Categories.swift in Sources */ = {isa = PBXBuildFile; fileRef = F93E9F0D2BE8B7E300A9C956 /* Categories.swift */; };
		F977BAA42BEC5FF500946C05 /* QuestionViewController.swift in Sources */ = {isa = PBXBuildFile; fileRef = F977BAA32BEC5FF500946C05 /* QuestionViewController.swift */; };
		F977BAA62BEC6AC800946C05 /* FetchJSON.swift in Sources */ = {isa = PBXBuildFile; fileRef = F977BAA52BEC6AC800946C05 /* FetchJSON.swift */; };
		F9C0F0562BE09FA400DEFB71 /* AppDelegate.swift in Sources */ = {isa = PBXBuildFile; fileRef = F9C0F0552BE09FA400DEFB71 /* AppDelegate.swift */; };
		F9C0F0582BE09FA400DEFB71 /* SceneDelegate.swift in Sources */ = {isa = PBXBuildFile; fileRef = F9C0F0572BE09FA400DEFB71 /* SceneDelegate.swift */; };
		F9C0F05A2BE09FA400DEFB71 /* ViewController.swift in Sources */ = {isa = PBXBuildFile; fileRef = F9C0F0592BE09FA400DEFB71 /* ViewController.swift */; };
		F9C0F05D2BE09FA400DEFB71 /* Base in Resources */ = {isa = PBXBuildFile; fileRef = F9C0F05C2BE09FA400DEFB71 /* Base */; };
		F9C0F05F2BE09FA500DEFB71 /* Assets.xcassets in Resources */ = {isa = PBXBuildFile; fileRef = F9C0F05E2BE09FA500DEFB71 /* Assets.xcassets */; };
		F9C0F0622BE09FA500DEFB71 /* Base in Resources */ = {isa = PBXBuildFile; fileRef = F9C0F0612BE09FA500DEFB71 /* Base */; };
		F9C0F06D2BE09FA500DEFB71 /* iQuizTests.swift in Sources */ = {isa = PBXBuildFile; fileRef = F9C0F06C2BE09FA500DEFB71 /* iQuizTests.swift */; };
		F9C0F0772BE09FA500DEFB71 /* iQuizUITests.swift in Sources */ = {isa = PBXBuildFile; fileRef = F9C0F0762BE09FA500DEFB71 /* iQuizUITests.swift */; };
		F9C0F0792BE09FA500DEFB71 /* iQuizUITestsLaunchTests.swift in Sources */ = {isa = PBXBuildFile; fileRef = F9C0F0782BE09FA500DEFB71 /* iQuizUITestsLaunchTests.swift */; };
		F9C0F0862BE0A27900DEFB71 /* TableViewCell.swift in Sources */ = {isa = PBXBuildFile; fileRef = F9C0F0852BE0A27900DEFB71 /* TableViewCell.swift */; };
/* End PBXBuildFile section */

/* Begin PBXContainerItemProxy section */
		F9C0F0692BE09FA500DEFB71 /* PBXContainerItemProxy */ = {
			isa = PBXContainerItemProxy;
			containerPortal = F9C0F04A2BE09FA400DEFB71 /* Project object */;
			proxyType = 1;
			remoteGlobalIDString = F9C0F0512BE09FA400DEFB71;
			remoteInfo = iQuiz;
		};
		F9C0F0732BE09FA500DEFB71 /* PBXContainerItemProxy */ = {
			isa = PBXContainerItemProxy;
			containerPortal = F9C0F04A2BE09FA400DEFB71 /* Project object */;
			proxyType = 1;
			remoteGlobalIDString = F9C0F0512BE09FA400DEFB71;
			remoteInfo = iQuiz;
		};
/* End PBXContainerItemProxy section */

/* Begin PBXFileReference section */
		41261D502BED8B83005D8961 /* QuizViewController.swift */ = {isa = PBXFileReference; lastKnownFileType = sourcecode.swift; path = QuizViewController.swift; sourceTree = "<group>"; };
		41261D522BED90D8005D8961 /* AnswerViewController.swift */ = {isa = PBXFileReference; lastKnownFileType = sourcecode.swift; path = AnswerViewController.swift; sourceTree = "<group>"; };
		41261D542BEDBC5D005D8961 /* FinalSceneViewController.swift */ = {isa = PBXFileReference; lastKnownFileType = sourcecode.swift; path = FinalSceneViewController.swift; sourceTree = "<group>"; };
		F93E9F0D2BE8B7E300A9C956 /* Categories.swift */ = {isa = PBXFileReference; lastKnownFileType = sourcecode.swift; path = Categories.swift; sourceTree = "<group>"; };
		F977BAA32BEC5FF500946C05 /* QuestionViewController.swift */ = {isa = PBXFileReference; lastKnownFileType = sourcecode.swift; path = QuestionViewController.swift; sourceTree = "<group>"; };
		F977BAA52BEC6AC800946C05 /* FetchJSON.swift */ = {isa = PBXFileReference; lastKnownFileType = sourcecode.swift; path = FetchJSON.swift; sourceTree = "<group>"; };
		F9C0F0522BE09FA400DEFB71 /* iQuiz.app */ = {isa = PBXFileReference; explicitFileType = wrapper.application; includeInIndex = 0; path = iQuiz.app; sourceTree = BUILT_PRODUCTS_DIR; };
		F9C0F0552BE09FA400DEFB71 /* AppDelegate.swift */ = {isa = PBXFileReference; lastKnownFileType = sourcecode.swift; path = AppDelegate.swift; sourceTree = "<group>"; };
		F9C0F0572BE09FA400DEFB71 /* SceneDelegate.swift */ = {isa = PBXFileReference; lastKnownFileType = sourcecode.swift; path = SceneDelegate.swift; sourceTree = "<group>"; };
		F9C0F0592BE09FA400DEFB71 /* ViewController.swift */ = {isa = PBXFileReference; lastKnownFileType = sourcecode.swift; path = ViewController.swift; sourceTree = "<group>"; };
		F9C0F05C2BE09FA400DEFB71 /* Base */ = {isa = PBXFileReference; lastKnownFileType = file.storyboard; name = Base; path = Base.lproj/Main.storyboard; sourceTree = "<group>"; };
		F9C0F05E2BE09FA500DEFB71 /* Assets.xcassets */ = {isa = PBXFileReference; lastKnownFileType = folder.assetcatalog; path = Assets.xcassets; sourceTree = "<group>"; };
		F9C0F0612BE09FA500DEFB71 /* Base */ = {isa = PBXFileReference; lastKnownFileType = file.storyboard; name = Base; path = Base.lproj/LaunchScreen.storyboard; sourceTree = "<group>"; };
		F9C0F0632BE09FA500DEFB71 /* Info.plist */ = {isa = PBXFileReference; lastKnownFileType = text.plist.xml; path = Info.plist; sourceTree = "<group>"; };
		F9C0F0682BE09FA500DEFB71 /* iQuizTests.xctest */ = {isa = PBXFileReference; explicitFileType = wrapper.cfbundle; includeInIndex = 0; path = iQuizTests.xctest; sourceTree = BUILT_PRODUCTS_DIR; };
		F9C0F06C2BE09FA500DEFB71 /* iQuizTests.swift */ = {isa = PBXFileReference; lastKnownFileType = sourcecode.swift; path = iQuizTests.swift; sourceTree = "<group>"; };
		F9C0F0722BE09FA500DEFB71 /* iQuizUITests.xctest */ = {isa = PBXFileReference; explicitFileType = wrapper.cfbundle; includeInIndex = 0; path = iQuizUITests.xctest; sourceTree = BUILT_PRODUCTS_DIR; };
		F9C0F0762BE09FA500DEFB71 /* iQuizUITests.swift */ = {isa = PBXFileReference; lastKnownFileType = sourcecode.swift; path = iQuizUITests.swift; sourceTree = "<group>"; };
		F9C0F0782BE09FA500DEFB71 /* iQuizUITestsLaunchTests.swift */ = {isa = PBXFileReference; lastKnownFileType = sourcecode.swift; path = iQuizUITestsLaunchTests.swift; sourceTree = "<group>"; };
		F9C0F0852BE0A27900DEFB71 /* TableViewCell.swift */ = {isa = PBXFileReference; lastKnownFileType = sourcecode.swift; path = TableViewCell.swift; sourceTree = "<group>"; };
/* End PBXFileReference section */

/* Begin PBXFrameworksBuildPhase section */
		F9C0F04F2BE09FA400DEFB71 /* Frameworks */ = {
			isa = PBXFrameworksBuildPhase;
			buildActionMask = 2147483647;
			files = (
			);
			runOnlyForDeploymentPostprocessing = 0;
		};
		F9C0F0652BE09FA500DEFB71 /* Frameworks */ = {
			isa = PBXFrameworksBuildPhase;
			buildActionMask = 2147483647;
			files = (
			);
			runOnlyForDeploymentPostprocessing = 0;
		};
		F9C0F06F2BE09FA500DEFB71 /* Frameworks */ = {
			isa = PBXFrameworksBuildPhase;
			buildActionMask = 2147483647;
			files = (
			);
			runOnlyForDeploymentPostprocessing = 0;
		};
/* End PBXFrameworksBuildPhase section */

/* Begin PBXGroup section */
		F9C0F0492BE09FA400DEFB71 = {
			isa = PBXGroup;
			children = (
				F9C0F0542BE09FA400DEFB71 /* iQuiz */,
				F9C0F06B2BE09FA500DEFB71 /* iQuizTests */,
				F9C0F0752BE09FA500DEFB71 /* iQuizUITests */,
				F9C0F0532BE09FA400DEFB71 /* Products */,
			);
			sourceTree = "<group>";
		};
		F9C0F0532BE09FA400DEFB71 /* Products */ = {
			isa = PBXGroup;
			children = (
				F9C0F0522BE09FA400DEFB71 /* iQuiz.app */,
				F9C0F0682BE09FA500DEFB71 /* iQuizTests.xctest */,
				F9C0F0722BE09FA500DEFB71 /* iQuizUITests.xctest */,
			);
			name = Products;
			sourceTree = "<group>";
		};
		F9C0F0542BE09FA400DEFB71 /* iQuiz */ = {
			isa = PBXGroup;
			children = (
				F9C0F0552BE09FA400DEFB71 /* AppDelegate.swift */,
				F9C0F0572BE09FA400DEFB71 /* SceneDelegate.swift */,
				F9C0F0592BE09FA400DEFB71 /* ViewController.swift */,
				F9C0F05B2BE09FA400DEFB71 /* Main.storyboard */,
				F9C0F05E2BE09FA500DEFB71 /* Assets.xcassets */,
				F9C0F0602BE09FA500DEFB71 /* LaunchScreen.storyboard */,
				F9C0F0632BE09FA500DEFB71 /* Info.plist */,
				F9C0F0852BE0A27900DEFB71 /* TableViewCell.swift */,
				F93E9F0D2BE8B7E300A9C956 /* Categories.swift */,
				F977BAA32BEC5FF500946C05 /* QuestionViewController.swift */,
				F977BAA52BEC6AC800946C05 /* FetchJSON.swift */,
				41261D502BED8B83005D8961 /* QuizViewController.swift */,
				41261D522BED90D8005D8961 /* AnswerViewController.swift */,
				41261D542BEDBC5D005D8961 /* FinalSceneViewController.swift */,
			);
			path = iQuiz;
			sourceTree = "<group>";
		};
		F9C0F06B2BE09FA500DEFB71 /* iQuizTests */ = {
			isa = PBXGroup;
			children = (
				F9C0F06C2BE09FA500DEFB71 /* iQuizTests.swift */,
			);
			path = iQuizTests;
			sourceTree = "<group>";
		};
		F9C0F0752BE09FA500DEFB71 /* iQuizUITests */ = {
			isa = PBXGroup;
			children = (
				F9C0F0762BE09FA500DEFB71 /* iQuizUITests.swift */,
				F9C0F0782BE09FA500DEFB71 /* iQuizUITestsLaunchTests.swift */,
			);
			path = iQuizUITests;
			sourceTree = "<group>";
		};
/* End PBXGroup section */

/* Begin PBXNativeTarget section */
		F9C0F0512BE09FA400DEFB71 /* iQuiz */ = {
			isa = PBXNativeTarget;
			buildConfigurationList = F9C0F07C2BE09FA500DEFB71 /* Build configuration list for PBXNativeTarget "iQuiz" */;
			buildPhases = (
				F9C0F04E2BE09FA400DEFB71 /* Sources */,
				F9C0F04F2BE09FA400DEFB71 /* Frameworks */,
				F9C0F0502BE09FA400DEFB71 /* Resources */,
			);
			buildRules = (
			);
			dependencies = (
			);
			name = iQuiz;
			productName = iQuiz;
			productReference = F9C0F0522BE09FA400DEFB71 /* iQuiz.app */;
			productType = "com.apple.product-type.application";
		};
		F9C0F0672BE09FA500DEFB71 /* iQuizTests */ = {
			isa = PBXNativeTarget;
			buildConfigurationList = F9C0F07F2BE09FA500DEFB71 /* Build configuration list for PBXNativeTarget "iQuizTests" */;
			buildPhases = (
				F9C0F0642BE09FA500DEFB71 /* Sources */,
				F9C0F0652BE09FA500DEFB71 /* Frameworks */,
				F9C0F0662BE09FA500DEFB71 /* Resources */,
			);
			buildRules = (
			);
			dependencies = (
				F9C0F06A2BE09FA500DEFB71 /* PBXTargetDependency */,
			);
			name = iQuizTests;
			productName = iQuizTests;
			productReference = F9C0F0682BE09FA500DEFB71 /* iQuizTests.xctest */;
			productType = "com.apple.product-type.bundle.unit-test";
		};
		F9C0F0712BE09FA500DEFB71 /* iQuizUITests */ = {
			isa = PBXNativeTarget;
			buildConfigurationList = F9C0F0822BE09FA500DEFB71 /* Build configuration list for PBXNativeTarget "iQuizUITests" */;
			buildPhases = (
				F9C0F06E2BE09FA500DEFB71 /* Sources */,
				F9C0F06F2BE09FA500DEFB71 /* Frameworks */,
				F9C0F0702BE09FA500DEFB71 /* Resources */,
			);
			buildRules = (
			);
			dependencies = (
				F9C0F0742BE09FA500DEFB71 /* PBXTargetDependency */,
			);
			name = iQuizUITests;
			productName = iQuizUITests;
			productReference = F9C0F0722BE09FA500DEFB71 /* iQuizUITests.xctest */;
			productType = "com.apple.product-type.bundle.ui-testing";
		};
/* End PBXNativeTarget section */

/* Begin PBXProject section */
		F9C0F04A2BE09FA400DEFB71 /* Project object */ = {
			isa = PBXProject;
			attributes = {
				BuildIndependentTargetsInParallel = 1;
				LastSwiftUpdateCheck = 1530;
				LastUpgradeCheck = 1530;
				TargetAttributes = {
					F9C0F0512BE09FA400DEFB71 = {
						CreatedOnToolsVersion = 15.3;
					};
					F9C0F0672BE09FA500DEFB71 = {
						CreatedOnToolsVersion = 15.3;
						TestTargetID = F9C0F0512BE09FA400DEFB71;
					};
					F9C0F0712BE09FA500DEFB71 = {
						CreatedOnToolsVersion = 15.3;
						TestTargetID = F9C0F0512BE09FA400DEFB71;
					};
				};
			};
			buildConfigurationList = F9C0F04D2BE09FA400DEFB71 /* Build configuration list for PBXProject "iQuiz" */;
			compatibilityVersion = "Xcode 14.0";
			developmentRegion = en;
			hasScannedForEncodings = 0;
			knownRegions = (
				en,
				Base,
			);
			mainGroup = F9C0F0492BE09FA400DEFB71;
			productRefGroup = F9C0F0532BE09FA400DEFB71 /* Products */;
			projectDirPath = "";
			projectRoot = "";
			targets = (
				F9C0F0512BE09FA400DEFB71 /* iQuiz */,
				F9C0F0672BE09FA500DEFB71 /* iQuizTests */,
				F9C0F0712BE09FA500DEFB71 /* iQuizUITests */,
			);
		};
/* End PBXProject section */

/* Begin PBXResourcesBuildPhase section */
		F9C0F0502BE09FA400DEFB71 /* Resources */ = {
			isa = PBXResourcesBuildPhase;
			buildActionMask = 2147483647;
			files = (
				F9C0F05F2BE09FA500DEFB71 /* Assets.xcassets in Resources */,
				F9C0F0622BE09FA500DEFB71 /* Base in Resources */,
				F9C0F05D2BE09FA400DEFB71 /* Base in Resources */,
			);
			runOnlyForDeploymentPostprocessing = 0;
		};
		F9C0F0662BE09FA500DEFB71 /* Resources */ = {
			isa = PBXResourcesBuildPhase;
			buildActionMask = 2147483647;
			files = (
			);
			runOnlyForDeploymentPostprocessing = 0;
		};
		F9C0F0702BE09FA500DEFB71 /* Resources */ = {
			isa = PBXResourcesBuildPhase;
			buildActionMask = 2147483647;
			files = (
			);
			runOnlyForDeploymentPostprocessing = 0;
		};
/* End PBXResourcesBuildPhase section */

/* Begin PBXSourcesBuildPhase section */
		F9C0F04E2BE09FA400DEFB71 /* Sources */ = {
			isa = PBXSourcesBuildPhase;
			buildActionMask = 2147483647;
			files = (
				41261D552BEDBC5D005D8961 /* FinalSceneViewController.swift in Sources */,
				F9C0F05A2BE09FA400DEFB71 /* ViewController.swift in Sources */,
				F9C0F0862BE0A27900DEFB71 /* TableViewCell.swift in Sources */,
				F977BAA62BEC6AC800946C05 /* FetchJSON.swift in Sources */,
				41261D532BED90D8005D8961 /* AnswerViewController.swift in Sources */,
				41261D512BED8B83005D8961 /* QuizViewController.swift in Sources */,
				F977BAA42BEC5FF500946C05 /* QuestionViewController.swift in Sources */,
				F93E9F0E2BE8B7E300A9C956 /* Categories.swift in Sources */,
				F9C0F0562BE09FA400DEFB71 /* AppDelegate.swift in Sources */,
				F9C0F0582BE09FA400DEFB71 /* SceneDelegate.swift in Sources */,
			);
			runOnlyForDeploymentPostprocessing = 0;
		};
		F9C0F0642BE09FA500DEFB71 /* Sources */ = {
			isa = PBXSourcesBuildPhase;
			buildActionMask = 2147483647;
			files = (
				F9C0F06D2BE09FA500DEFB71 /* iQuizTests.swift in Sources */,
			);
			runOnlyForDeploymentPostprocessing = 0;
		};
		F9C0F06E2BE09FA500DEFB71 /* Sources */ = {
			isa = PBXSourcesBuildPhase;
			buildActionMask = 2147483647;
			files = (
				F9C0F0772BE09FA500DEFB71 /* iQuizUITests.swift in Sources */,
				F9C0F0792BE09FA500DEFB71 /* iQuizUITestsLaunchTests.swift in Sources */,
			);
			runOnlyForDeploymentPostprocessing = 0;
		};
/* End PBXSourcesBuildPhase section */

/* Begin PBXTargetDependency section */
		F9C0F06A2BE09FA500DEFB71 /* PBXTargetDependency */ = {
			isa = PBXTargetDependency;
			target = F9C0F0512BE09FA400DEFB71 /* iQuiz */;
			targetProxy = F9C0F0692BE09FA500DEFB71 /* PBXContainerItemProxy */;
		};
		F9C0F0742BE09FA500DEFB71 /* PBXTargetDependency */ = {
			isa = PBXTargetDependency;
			target = F9C0F0512BE09FA400DEFB71 /* iQuiz */;
			targetProxy = F9C0F0732BE09FA500DEFB71 /* PBXContainerItemProxy */;
		};
/* End PBXTargetDependency section */

/* Begin PBXVariantGroup section */
		F9C0F05B2BE09FA400DEFB71 /* Main.storyboard */ = {
			isa = PBXVariantGroup;
			children = (
				F9C0F05C2BE09FA400DEFB71 /* Base */,
			);
			name = Main.storyboard;
			sourceTree = "<group>";
		};
		F9C0F0602BE09FA500DEFB71 /* LaunchScreen.storyboard */ = {
			isa = PBXVariantGroup;
			children = (
				F9C0F0612BE09FA500DEFB71 /* Base */,
			);
			name = LaunchScreen.storyboard;
			sourceTree = "<group>";
		};
/* End PBXVariantGroup section */

/* Begin XCBuildConfiguration section */
		F9C0F07A2BE09FA500DEFB71 /* Debug */ = {
			isa = XCBuildConfiguration;
			buildSettings = {
				ALWAYS_SEARCH_USER_PATHS = NO;
				ASSETCATALOG_COMPILER_GENERATE_SWIFT_ASSET_SYMBOL_EXTENSIONS = YES;
				CLANG_ANALYZER_NONNULL = YES;
				CLANG_ANALYZER_NUMBER_OBJECT_CONVERSION = YES_AGGRESSIVE;
				CLANG_CXX_LANGUAGE_STANDARD = "gnu++20";
				CLANG_ENABLE_MODULES = YES;
				CLANG_ENABLE_OBJC_ARC = YES;
				CLANG_ENABLE_OBJC_WEAK = YES;
				CLANG_WARN_BLOCK_CAPTURE_AUTORELEASING = YES;
				CLANG_WARN_BOOL_CONVERSION = YES;
				CLANG_WARN_COMMA = YES;
				CLANG_WARN_CONSTANT_CONVERSION = YES;
				CLANG_WARN_DEPRECATED_OBJC_IMPLEMENTATIONS = YES;
				CLANG_WARN_DIRECT_OBJC_ISA_USAGE = YES_ERROR;
				CLANG_WARN_DOCUMENTATION_COMMENTS = YES;
				CLANG_WARN_EMPTY_BODY = YES;
				CLANG_WARN_ENUM_CONVERSION = YES;
				CLANG_WARN_INFINITE_RECURSION = YES;
				CLANG_WARN_INT_CONVERSION = YES;
				CLANG_WARN_NON_LITERAL_NULL_CONVERSION = YES;
				CLANG_WARN_OBJC_IMPLICIT_RETAIN_SELF = YES;
				CLANG_WARN_OBJC_LITERAL_CONVERSION = YES;
				CLANG_WARN_OBJC_ROOT_CLASS = YES_ERROR;
				CLANG_WARN_QUOTED_INCLUDE_IN_FRAMEWORK_HEADER = YES;
				CLANG_WARN_RANGE_LOOP_ANALYSIS = YES;
				CLANG_WARN_STRICT_PROTOTYPES = YES;
				CLANG_WARN_SUSPICIOUS_MOVE = YES;
				CLANG_WARN_UNGUARDED_AVAILABILITY = YES_AGGRESSIVE;
				CLANG_WARN_UNREACHABLE_CODE = YES;
				CLANG_WARN__DUPLICATE_METHOD_MATCH = YES;
				COPY_PHASE_STRIP = NO;
				DEBUG_INFORMATION_FORMAT = dwarf;
				ENABLE_STRICT_OBJC_MSGSEND = YES;
				ENABLE_TESTABILITY = YES;
				ENABLE_USER_SCRIPT_SANDBOXING = YES;
				GCC_C_LANGUAGE_STANDARD = gnu17;
				GCC_DYNAMIC_NO_PIC = NO;
				GCC_NO_COMMON_BLOCKS = YES;
				GCC_OPTIMIZATION_LEVEL = 0;
				GCC_PREPROCESSOR_DEFINITIONS = (
					"DEBUG=1",
					"$(inherited)",
				);
				GCC_WARN_64_TO_32_BIT_CONVERSION = YES;
				GCC_WARN_ABOUT_RETURN_TYPE = YES_ERROR;
				GCC_WARN_UNDECLARED_SELECTOR = YES;
				GCC_WARN_UNINITIALIZED_AUTOS = YES_AGGRESSIVE;
				GCC_WARN_UNUSED_FUNCTION = YES;
				GCC_WARN_UNUSED_VARIABLE = YES;
				IPHONEOS_DEPLOYMENT_TARGET = 17.4;
				LOCALIZATION_PREFERS_STRING_CATALOGS = YES;
				MTL_ENABLE_DEBUG_INFO = INCLUDE_SOURCE;
				MTL_FAST_MATH = YES;
				ONLY_ACTIVE_ARCH = YES;
				SDKROOT = iphoneos;
				SWIFT_ACTIVE_COMPILATION_CONDITIONS = "DEBUG $(inherited)";
				SWIFT_OPTIMIZATION_LEVEL = "-Onone";
			};
			name = Debug;
		};
		F9C0F07B2BE09FA500DEFB71 /* Release */ = {
			isa = XCBuildConfiguration;
			buildSettings = {
				ALWAYS_SEARCH_USER_PATHS = NO;
				ASSETCATALOG_COMPILER_GENERATE_SWIFT_ASSET_SYMBOL_EXTENSIONS = YES;
				CLANG_ANALYZER_NONNULL = YES;
				CLANG_ANALYZER_NUMBER_OBJECT_CONVERSION = YES_AGGRESSIVE;
				CLANG_CXX_LANGUAGE_STANDARD = "gnu++20";
				CLANG_ENABLE_MODULES = YES;
				CLANG_ENABLE_OBJC_ARC = YES;
				CLANG_ENABLE_OBJC_WEAK = YES;
				CLANG_WARN_BLOCK_CAPTURE_AUTORELEASING = YES;
				CLANG_WARN_BOOL_CONVERSION = YES;
				CLANG_WARN_COMMA = YES;
				CLANG_WARN_CONSTANT_CONVERSION = YES;
				CLANG_WARN_DEPRECATED_OBJC_IMPLEMENTATIONS = YES;
				CLANG_WARN_DIRECT_OBJC_ISA_USAGE = YES_ERROR;
				CLANG_WARN_DOCUMENTATION_COMMENTS = YES;
				CLANG_WARN_EMPTY_BODY = YES;
				CLANG_WARN_ENUM_CONVERSION = YES;
				CLANG_WARN_INFINITE_RECURSION = YES;
				CLANG_WARN_INT_CONVERSION = YES;
				CLANG_WARN_NON_LITERAL_NULL_CONVERSION = YES;
				CLANG_WARN_OBJC_IMPLICIT_RETAIN_SELF = YES;
				CLANG_WARN_OBJC_LITERAL_CONVERSION = YES;
				CLANG_WARN_OBJC_ROOT_CLASS = YES_ERROR;
				CLANG_WARN_QUOTED_INCLUDE_IN_FRAMEWORK_HEADER = YES;
				CLANG_WARN_RANGE_LOOP_ANALYSIS = YES;
				CLANG_WARN_STRICT_PROTOTYPES = YES;
				CLANG_WARN_SUSPICIOUS_MOVE = YES;
				CLANG_WARN_UNGUARDED_AVAILABILITY = YES_AGGRESSIVE;
				CLANG_WARN_UNREACHABLE_CODE = YES;
				CLANG_WARN__DUPLICATE_METHOD_MATCH = YES;
				COPY_PHASE_STRIP = NO;
				DEBUG_INFORMATION_FORMAT = "dwarf-with-dsym";
				ENABLE_NS_ASSERTIONS = NO;
				ENABLE_STRICT_OBJC_MSGSEND = YES;
				ENABLE_USER_SCRIPT_SANDBOXING = YES;
				GCC_C_LANGUAGE_STANDARD = gnu17;
				GCC_NO_COMMON_BLOCKS = YES;
				GCC_WARN_64_TO_32_BIT_CONVERSION = YES;
				GCC_WARN_ABOUT_RETURN_TYPE = YES_ERROR;
				GCC_WARN_UNDECLARED_SELECTOR = YES;
				GCC_WARN_UNINITIALIZED_AUTOS = YES_AGGRESSIVE;
				GCC_WARN_UNUSED_FUNCTION = YES;
				GCC_WARN_UNUSED_VARIABLE = YES;
				IPHONEOS_DEPLOYMENT_TARGET = 17.4;
				LOCALIZATION_PREFERS_STRING_CATALOGS = YES;
				MTL_ENABLE_DEBUG_INFO = NO;
				MTL_FAST_MATH = YES;
				SDKROOT = iphoneos;
				SWIFT_COMPILATION_MODE = wholemodule;
				VALIDATE_PRODUCT = YES;
			};
			name = Release;
		};
		F9C0F07D2BE09FA500DEFB71 /* Debug */ = {
			isa = XCBuildConfiguration;
			buildSettings = {
				ASSETCATALOG_COMPILER_APPICON_NAME = AppIcon;
				ASSETCATALOG_COMPILER_GLOBAL_ACCENT_COLOR_NAME = AccentColor;
				CODE_SIGN_STYLE = Automatic;
				CURRENT_PROJECT_VERSION = 1;
				DEVELOPMENT_TEAM = 38X626F377;
				GENERATE_INFOPLIST_FILE = YES;
				INFOPLIST_FILE = iQuiz/Info.plist;
				INFOPLIST_KEY_UIApplicationSupportsIndirectInputEvents = YES;
				INFOPLIST_KEY_UILaunchStoryboardName = LaunchScreen;
				INFOPLIST_KEY_UIMainStoryboardFile = Main;
				INFOPLIST_KEY_UISupportedInterfaceOrientations_iPad = "UIInterfaceOrientationPortrait UIInterfaceOrientationPortraitUpsideDown UIInterfaceOrientationLandscapeLeft UIInterfaceOrientationLandscapeRight";
				INFOPLIST_KEY_UISupportedInterfaceOrientations_iPhone = "UIInterfaceOrientationPortrait UIInterfaceOrientationLandscapeLeft UIInterfaceOrientationLandscapeRight";
				LD_RUNPATH_SEARCH_PATHS = (
					"$(inherited)",
					"@executable_path/Frameworks",
				);
				MARKETING_VERSION = 1.0;
				PRODUCT_BUNDLE_IDENTIFIER = edu.uw.ischool.mia2520.iQuiz;
				PRODUCT_NAME = "$(TARGET_NAME)";
				SWIFT_EMIT_LOC_STRINGS = YES;
				SWIFT_VERSION = 5.0;
				TARGETED_DEVICE_FAMILY = "1,2";
			};
			name = Debug;
		};
		F9C0F07E2BE09FA500DEFB71 /* Release */ = {
			isa = XCBuildConfiguration;
			buildSettings = {
				ASSETCATALOG_COMPILER_APPICON_NAME = AppIcon;
				ASSETCATALOG_COMPILER_GLOBAL_ACCENT_COLOR_NAME = AccentColor;
				CODE_SIGN_STYLE = Automatic;
				CURRENT_PROJECT_VERSION = 1;
				DEVELOPMENT_TEAM = 38X626F377;
				GENERATE_INFOPLIST_FILE = YES;
				INFOPLIST_FILE = iQuiz/Info.plist;
				INFOPLIST_KEY_UIApplicationSupportsIndirectInputEvents = YES;
				INFOPLIST_KEY_UILaunchStoryboardName = LaunchScreen;
				INFOPLIST_KEY_UIMainStoryboardFile = Main;
				INFOPLIST_KEY_UISupportedInterfaceOrientations_iPad = "UIInterfaceOrientationPortrait UIInterfaceOrientationPortraitUpsideDown UIInterfaceOrientationLandscapeLeft UIInterfaceOrientationLandscapeRight";
				INFOPLIST_KEY_UISupportedInterfaceOrientations_iPhone = "UIInterfaceOrientationPortrait UIInterfaceOrientationLandscapeLeft UIInterfaceOrientationLandscapeRight";
				LD_RUNPATH_SEARCH_PATHS = (
					"$(inherited)",
					"@executable_path/Frameworks",
				);
				MARKETING_VERSION = 1.0;
				PRODUCT_BUNDLE_IDENTIFIER = edu.uw.ischool.mia2520.iQuiz;
				PRODUCT_NAME = "$(TARGET_NAME)";
				SWIFT_EMIT_LOC_STRINGS = YES;
				SWIFT_VERSION = 5.0;
				TARGETED_DEVICE_FAMILY = "1,2";
			};
			name = Release;
		};
		F9C0F0802BE09FA500DEFB71 /* Debug */ = {
			isa = XCBuildConfiguration;
			buildSettings = {
				ALWAYS_EMBED_SWIFT_STANDARD_LIBRARIES = YES;
				BUNDLE_LOADER = "$(TEST_HOST)";
				CODE_SIGN_STYLE = Automatic;
				CURRENT_PROJECT_VERSION = 1;
				GENERATE_INFOPLIST_FILE = YES;
				IPHONEOS_DEPLOYMENT_TARGET = 17.4;
				MARKETING_VERSION = 1.0;
				PRODUCT_BUNDLE_IDENTIFIER = edu.uw.ischool.mia2520.iQuizTests;
				PRODUCT_NAME = "$(TARGET_NAME)";
				SWIFT_EMIT_LOC_STRINGS = NO;
				SWIFT_VERSION = 5.0;
				TARGETED_DEVICE_FAMILY = "1,2";
				TEST_HOST = "$(BUILT_PRODUCTS_DIR)/iQuiz.app/$(BUNDLE_EXECUTABLE_FOLDER_PATH)/iQuiz";
			};
			name = Debug;
		};
		F9C0F0812BE09FA500DEFB71 /* Release */ = {
			isa = XCBuildConfiguration;
			buildSettings = {
				ALWAYS_EMBED_SWIFT_STANDARD_LIBRARIES = YES;
				BUNDLE_LOADER = "$(TEST_HOST)";
				CODE_SIGN_STYLE = Automatic;
				CURRENT_PROJECT_VERSION = 1;
				GENERATE_INFOPLIST_FILE = YES;
				IPHONEOS_DEPLOYMENT_TARGET = 17.4;
				MARKETING_VERSION = 1.0;
				PRODUCT_BUNDLE_IDENTIFIER = edu.uw.ischool.mia2520.iQuizTests;
				PRODUCT_NAME = "$(TARGET_NAME)";
				SWIFT_EMIT_LOC_STRINGS = NO;
				SWIFT_VERSION = 5.0;
				TARGETED_DEVICE_FAMILY = "1,2";
				TEST_HOST = "$(BUILT_PRODUCTS_DIR)/iQuiz.app/$(BUNDLE_EXECUTABLE_FOLDER_PATH)/iQuiz";
			};
			name = Release;
		};
		F9C0F0832BE09FA500DEFB71 /* Debug */ = {
			isa = XCBuildConfiguration;
			buildSettings = {
				ALWAYS_EMBED_SWIFT_STANDARD_LIBRARIES = YES;
				CODE_SIGN_STYLE = Automatic;
				CURRENT_PROJECT_VERSION = 1;
				GENERATE_INFOPLIST_FILE = YES;
				MARKETING_VERSION = 1.0;
				PRODUCT_BUNDLE_IDENTIFIER = edu.uw.ischool.mia2520.iQuizUITests;
				PRODUCT_NAME = "$(TARGET_NAME)";
				SWIFT_EMIT_LOC_STRINGS = NO;
				SWIFT_VERSION = 5.0;
				TARGETED_DEVICE_FAMILY = "1,2";
				TEST_TARGET_NAME = iQuiz;
			};
			name = Debug;
		};
		F9C0F0842BE09FA500DEFB71 /* Release */ = {
			isa = XCBuildConfiguration;
			buildSettings = {
				ALWAYS_EMBED_SWIFT_STANDARD_LIBRARIES = YES;
				CODE_SIGN_STYLE = Automatic;
				CURRENT_PROJECT_VERSION = 1;
				GENERATE_INFOPLIST_FILE = YES;
				MARKETING_VERSION = 1.0;
				PRODUCT_BUNDLE_IDENTIFIER = edu.uw.ischool.mia2520.iQuizUITests;
				PRODUCT_NAME = "$(TARGET_NAME)";
				SWIFT_EMIT_LOC_STRINGS = NO;
				SWIFT_VERSION = 5.0;
				TARGETED_DEVICE_FAMILY = "1,2";
				TEST_TARGET_NAME = iQuiz;
			};
			name = Release;
		};
/* End XCBuildConfiguration section */

/* Begin XCConfigurationList section */
		F9C0F04D2BE09FA400DEFB71 /* Build configuration list for PBXProject "iQuiz" */ = {
			isa = XCConfigurationList;
			buildConfigurations = (
				F9C0F07A2BE09FA500DEFB71 /* Debug */,
				F9C0F07B2BE09FA500DEFB71 /* Release */,
			);
			defaultConfigurationIsVisible = 0;
			defaultConfigurationName = Release;
		};
		F9C0F07C2BE09FA500DEFB71 /* Build configuration list for PBXNativeTarget "iQuiz" */ = {
			isa = XCConfigurationList;
			buildConfigurations = (
				F9C0F07D2BE09FA500DEFB71 /* Debug */,
				F9C0F07E2BE09FA500DEFB71 /* Release */,
			);
			defaultConfigurationIsVisible = 0;
			defaultConfigurationName = Release;
		};
		F9C0F07F2BE09FA500DEFB71 /* Build configuration list for PBXNativeTarget "iQuizTests" */ = {
			isa = XCConfigurationList;
			buildConfigurations = (
				F9C0F0802BE09FA500DEFB71 /* Debug */,
				F9C0F0812BE09FA500DEFB71 /* Release */,
			);
			defaultConfigurationIsVisible = 0;
			defaultConfigurationName = Release;
		};
		F9C0F0822BE09FA500DEFB71 /* Build configuration list for PBXNativeTarget "iQuizUITests" */ = {
			isa = XCConfigurationList;
			buildConfigurations = (
				F9C0F0832BE09FA500DEFB71 /* Debug */,
				F9C0F0842BE09FA500DEFB71 /* Release */,
			);
			defaultConfigurationIsVisible = 0;
			defaultConfigurationName = Release;
		};
/* End XCConfigurationList section */
	};
	rootObject = F9C0F04A2BE09FA400DEFB71 /* Project object */;
}
